
Microsoft Visual Studio Solution File, Format Version 12.00
# Visual Studio 15
VisualStudioVersion = 15.0.26403.3
MinimumVisualStudioVersion = 10.0.40219.1
Project("{FAE04EC0-301F-11D3-BF4B-00C04F79EFBC}") = "DataStructures And Algorithms", "DataStructures And Algorithms.csproj", "{91B8EBD2-EB6C-4DC8-B61A-1197B6EA45C5}"
EndProject
Global
	GlobalSection(SolutionConfigurationPlatforms) = preSolution
		Debug|x86 = Debug|x86
		Release|x86 = Release|x86
	EndGlobalSection
	GlobalSection(ProjectConfigurationPlatforms) = postSolution
		{91B8EBD2-EB6C-4DC8-B61A-1197B6EA45C5}.Debug|x86.ActiveCfg = Debug|x86
		{91B8EBD2-EB6C-4DC8-B61A-1197B6EA45C5}.Debug|x86.Build.0 = Debug|x86
		{91B8EBD2-EB6C-4DC8-B61A-1197B6EA45C5}.Release|x86.ActiveCfg = Release|x86
		{91B8EBD2-EB6C-4DC8-B61A-1197B6EA45C5}.Release|x86.Build.0 = Release|x86
	EndGlobalSection
	GlobalSection(SolutionProperties) = preSolution
		HideSolutionNode = FALSE
	EndGlobalSection
EndGlobal
